
Microsoft Visual Studio Solution File, Format Version 12.00
# Visual Studio Version 17
VisualStudioVersion = 17.7.34202.233
MinimumVisualStudioVersion = 10.0.40219.1
Project("{FAE04EC0-301F-11D3-BF4B-00C04F79EFBC}") = "Speisekarte", "Speisekarte.csproj", "{BE8512E6-89EA-40F4-B0ED-EFCEBBDA658A}"
EndProject
Global
	GlobalSection(SolutionConfigurationPlatforms) = preSolution
		Debug|Any CPU = Debug|Any CPU
		Release|Any CPU = Release|Any CPU
	EndGlobalSection
	GlobalSection(ProjectConfigurationPlatforms) = postSolution
		{BE8512E6-89EA-40F4-B0ED-EFCEBBDA658A}.Debug|Any CPU.ActiveCfg = Debug|Any CPU
		{BE8512E6-89EA-40F4-B0ED-EFCEBBDA658A}.Debug|Any CPU.Build.0 = Debug|Any CPU
		{BE8512E6-89EA-40F4-B0ED-EFCEBBDA658A}.Release|Any CPU.ActiveCfg = Release|Any CPU
		{BE8512E6-89EA-40F4-B0ED-EFCEBBDA658A}.Release|Any CPU.Build.0 = Release|Any CPU
	EndGlobalSection
	GlobalSection(SolutionProperties) = preSolution
		HideSolutionNode = FALSE
	EndGlobalSection
	GlobalSection(ExtensibilityGlobals) = postSolution
		SolutionGuid = {A8181955-3D65-4F56-89A7-F8CCF1BC7165}
	EndGlobalSection
EndGlobal
